
Microsoft Visual Studio Solution File, Format Version 12.00
# Visual Studio Version 17
VisualStudioVersion = 17.7.34031.279
MinimumVisualStudioVersion = 10.0.40219.1
Project("{FAE04EC0-301F-11D3-BF4B-00C04F79EFBC}") = "ResenaApi", "ResenaApi\ResenaApi.csproj", "{157A845D-FD8A-47B0-A258-9734211BE337}"
EndProject
Global
	GlobalSection(SolutionConfigurationPlatforms) = preSolution
		Debug|Any CPU = Debug|Any CPU
		Release|Any CPU = Release|Any CPU
	EndGlobalSection
	GlobalSection(ProjectConfigurationPlatforms) = postSolution
		{157A845D-FD8A-47B0-A258-9734211BE337}.Debug|Any CPU.ActiveCfg = Debug|Any CPU
		{157A845D-FD8A-47B0-A258-9734211BE337}.Debug|Any CPU.Build.0 = Debug|Any CPU
		{157A845D-FD8A-47B0-A258-9734211BE337}.Release|Any CPU.ActiveCfg = Release|Any CPU
		{157A845D-FD8A-47B0-A258-9734211BE337}.Release|Any CPU.Build.0 = Release|Any CPU
	EndGlobalSection
	GlobalSection(SolutionProperties) = preSolution
		HideSolutionNode = FALSE
	EndGlobalSection
	GlobalSection(ExtensibilityGlobals) = postSolution
		SolutionGuid = {5050321E-B171-4902-A65E-79D2DFE16A63}
	EndGlobalSection
EndGlobal
